
Microsoft Visual Studio Solution File, Format Version 12.00
# Visual Studio Version 17
VisualStudioVersion = 17.5.002.0
MinimumVisualStudioVersion = 10.0.40219.1
Project("{9A19103F-16F7-4668-BE54-9A1E7A4F7556}") = "maze2", "maze2.csproj", "{9D2B3C8C-B81F-4210-AFB6-02E1ECB0192D}"
EndProject
Global
	GlobalSection(SolutionConfigurationPlatforms) = preSolution
		Debug|Any CPU = Debug|Any CPU
		Release|Any CPU = Release|Any CPU
	EndGlobalSection
	GlobalSection(ProjectConfigurationPlatforms) = postSolution
		{9D2B3C8C-B81F-4210-AFB6-02E1ECB0192D}.Debug|Any CPU.ActiveCfg = Debug|Any CPU
		{9D2B3C8C-B81F-4210-AFB6-02E1ECB0192D}.Debug|Any CPU.Build.0 = Debug|Any CPU
		{9D2B3C8C-B81F-4210-AFB6-02E1ECB0192D}.Release|Any CPU.ActiveCfg = Release|Any CPU
		{9D2B3C8C-B81F-4210-AFB6-02E1ECB0192D}.Release|Any CPU.Build.0 = Release|Any CPU
	EndGlobalSection
	GlobalSection(SolutionProperties) = preSolution
		HideSolutionNode = FALSE
	EndGlobalSection
	GlobalSection(ExtensibilityGlobals) = postSolution
		SolutionGuid = {2DE7D8BF-AA65-4D81-966B-6525311F2482}
	EndGlobalSection
EndGlobal
